
Microsoft Visual Studio Solution File, Format Version 12.00
# Visual Studio Version 17
VisualStudioVersion = 17.11.35431.28
MinimumVisualStudioVersion = 10.0.40219.1
Project("{FAE04EC0-301F-11D3-BF4B-00C04F79EFBC}") = "Mini Inventory Management System", "Mini Inventory Management System\Mini Inventory Management System.csproj", "{9A16E78A-1FF3-45DE-8549-644CCB9A3CBD}"
EndProject
Global
	GlobalSection(SolutionConfigurationPlatforms) = preSolution
		Debug|Any CPU = Debug|Any CPU
		Release|Any CPU = Release|Any CPU
	EndGlobalSection
	GlobalSection(ProjectConfigurationPlatforms) = postSolution
		{9A16E78A-1FF3-45DE-8549-644CCB9A3CBD}.Debug|Any CPU.ActiveCfg = Debug|Any CPU
		{9A16E78A-1FF3-45DE-8549-644CCB9A3CBD}.Debug|Any CPU.Build.0 = Debug|Any CPU
		{9A16E78A-1FF3-45DE-8549-644CCB9A3CBD}.Release|Any CPU.ActiveCfg = Release|Any CPU
		{9A16E78A-1FF3-45DE-8549-644CCB9A3CBD}.Release|Any CPU.Build.0 = Release|Any CPU
	EndGlobalSection
	GlobalSection(SolutionProperties) = preSolution
		HideSolutionNode = FALSE
	EndGlobalSection
	GlobalSection(ExtensibilityGlobals) = postSolution
		SolutionGuid = {448EB682-5AFF-4C4E-B47E-BDFE8B9979AE}
	EndGlobalSection
EndGlobal
